
Microsoft Visual Studio Solution File, Format Version 12.00
# Visual Studio Version 16
VisualStudioVersion = 16.0.29025.244
MinimumVisualStudioVersion = 10.0.40219.1
Project("{9A19103F-16F7-4668-BE54-9A1E7A4F7556}") = "Target", "Target.csproj", "{BE78DE14-964A-4F5B-A76D-9F19FDB17575}"
EndProject
Global
	GlobalSection(SolutionConfigurationPlatforms) = preSolution
		Debug|Any CPU = Debug|Any CPU
		Release|Any CPU = Release|Any CPU
	EndGlobalSection
	GlobalSection(ProjectConfigurationPlatforms) = postSolution
		{BE78DE14-964A-4F5B-A76D-9F19FDB17575}.Debug|Any CPU.ActiveCfg = Release|Any CPU
		{BE78DE14-964A-4F5B-A76D-9F19FDB17575}.Debug|Any CPU.Build.0 = Release|Any CPU
		{BE78DE14-964A-4F5B-A76D-9F19FDB17575}.Release|Any CPU.ActiveCfg = Release|Any CPU
		{BE78DE14-964A-4F5B-A76D-9F19FDB17575}.Release|Any CPU.Build.0 = Release|Any CPU
	EndGlobalSection
	GlobalSection(SolutionProperties) = preSolution
		HideSolutionNode = FALSE
	EndGlobalSection
	GlobalSection(ExtensibilityGlobals) = postSolution
		SolutionGuid = {5E12E323-DD7F-486D-98C1-DE21C023BF54}
	EndGlobalSection
EndGlobal
